<?xml version="1.0" encoding="utf-8"?>
<Project ToolsVersion="4.0" xmlns="http://schemas.microsoft.com/developer/msbuild/2003">
  <ItemGroup>
    <ClCompile Include="source\app.cpp">
      <Filter>mains</Filter>
    </ClCompile>
    <ClCompile Include="source\winmain.cpp">
      <Filter>mains</Filter>
    </ClCompile>
    <ClCompile Include="source\scene.cpp">
      <Filter>FrameWork</Filter>
    </ClCompile>
    <ClCompile Include="source\farstonescene.cpp">
      <Filter>FrameWork\bootScene</Filter>
    </ClCompile>
    <ClCompile Include="source\scenechanger.cpp">
      <Filter>FrameWork\SceneManager</Filter>
    </ClCompile>
    <ClCompile Include="source\scenemanager.cpp">
      <Filter>FrameWork\SceneManager</Filter>
    </ClCompile>
    <ClCompile Include="source\testplayer.cpp">
      <Filter>objs</Filter>
    </ClCompile>
    <ClCompile Include="source\title.cpp">
      <Filter>scenes</Filter>
    </ClCompile>
    <ClCompile Include="source\gamescene.cpp">
      <Filter>scenes</Filter>
    </ClCompile>
    <ClCompile Include="slot_s_\effect.cpp">
      <Filter>objs\SlotScene</Filter>
    </ClCompile>
    <ClCompile Include="slot_s_\reel.cpp">
      <Filter>objs\SlotScene</Filter>
    </ClCompile>
    <ClCompile Include="slot_s_\uiinterface.cpp">
      <Filter>objs\SlotScene</Filter>
    </ClCompile>
    <ClCompile Include="slot_s_\slotscene.cpp">
      <Filter>scenes</Filter>
    </ClCompile>
    <ClCompile Include="puyo_\chain.cpp">
      <Filter>objs\puyoAll</Filter>
    </ClCompile>
    <ClCompile Include="puyo_\horizontallink.cpp">
      <Filter>objs\puyoAll\puyoLink</Filter>
    </ClCompile>
    <ClCompile Include="puyo_\verticallink.cpp">
      <Filter>objs\puyoAll\puyoLink</Filter>
    </ClCompile>
    <ClCompile Include="puyo_\links.cpp">
      <Filter>objs\puyoAll\puyoLink</Filter>
    </ClCompile>
    <ClCompile Include="puyo_\field.cpp">
      <Filter>objs\puyoAll</Filter>
    </ClCompile>
    <ClCompile Include="puyo_\navigation.cpp">
      <Filter>objs\puyoAll</Filter>
    </ClCompile>
    <ClCompile Include="puyo_\puyo.cpp">
      <Filter>objs\puyoAll</Filter>
    </ClCompile>
    <ClCompile Include="puyo_\save.cpp">
      <Filter>objs\puyoAll</Filter>
    </ClCompile>
    <ClCompile Include="puyo_\puyoscene.cpp">
      <Filter>scenes</Filter>
    </ClCompile>
    <ClCompile Include="puyo_\score.cpp">
      <Filter>objs\puyoAll</Filter>
    </ClCompile>
    <ClCompile Include="puyo_\se.cpp">
      <Filter>objs\puyoAll</Filter>
    </ClCompile>
    <ClCompile Include="puyo_\connect.cpp">
      <Filter>objs\puyoAll\conne</Filter>
    </ClCompile>
    <ClCompile Include="puyo_\puyogame.cpp">
      <Filter>objs\puyoAll\puyoGamegame</Filter>
    </ClCompile>
    <ClCompile Include="puyo_\connectmode.cpp">
      <Filter>objs\puyoAll\puyoGamegame</Filter>
    </ClCompile>
    <ClCompile Include="puyo_\rect.cpp">
      <Filter>objs\puyoAll\conne</Filter>
    </ClCompile>
    <ClCompile Include="puyo_\send.cpp">
      <Filter>objs\puyoAll\conne</Filter>
    </ClCompile>
    <ClCompile Include="slot_s_\backScene.cpp">
      <Filter>objs\SlotScene</Filter>
    </ClCompile>
  </ItemGroup>
  <ItemGroup>
    <ClInclude Include="source\app.h">
      <Filter>mains</Filter>
    </ClInclude>
    <ClInclude Include="source\config.h">
      <Filter>mains</Filter>
    </ClInclude>
    <ClInclude Include="source\scene.h">
      <Filter>FrameWork</Filter>
    </ClInclude>
    <ClInclude Include="source\farstonescene.h">
      <Filter>FrameWork\bootScene</Filter>
    </ClInclude>
    <ClInclude Include="source\scenechanger.h">
      <Filter>FrameWork\SceneManager</Filter>
    </ClInclude>
    <ClInclude Include="source\scenemanager.h">
      <Filter>FrameWork\SceneManager</Filter>
    </ClInclude>
    <ClInclude Include="source\object.h">
      <Filter>FrameWork</Filter>
    </ClInclude>
    <ClInclude Include="source\testplayer.h">
      <Filter>objs</Filter>
    </ClInclude>
    <ClInclude Include="source\title.h">
      <Filter>scenes</Filter>
    </ClInclude>
    <ClInclude Include="source\gamescene.h">
      <Filter>scenes</Filter>
    </ClInclude>
    <ClInclude Include="slot_s_\effect.h">
      <Filter>objs\SlotScene</Filter>
    </ClInclude>
    <ClInclude Include="slot_s_\reel.h">
      <Filter>objs\SlotScene</Filter>
    </ClInclude>
    <ClInclude Include="slot_s_\uiinterface.h">
      <Filter>objs\SlotScene</Filter>
    </ClInclude>
    <ClInclude Include="slot_s_\slotscene.h">
      <Filter>scenes</Filter>
    </ClInclude>
    <ClInclude Include="source\common.h">
      <Filter>objs</Filter>
    </ClInclude>
    <ClInclude Include="source\colorhsv.h">
      <Filter>mains</Filter>
    </ClInclude>
    <ClInclude Include="puyo_\chain.h">
      <Filter>objs\puyoAll</Filter>
    </ClInclude>
    <ClInclude Include="puyo_\horizontallink.h">
      <Filter>objs\puyoAll\puyoLink</Filter>
    </ClInclude>
    <ClInclude Include="puyo_\verticallink.h">
      <Filter>objs\puyoAll\puyoLink</Filter>
    </ClInclude>
    <ClInclude Include="puyo_\links.h">
      <Filter>objs\puyoAll\puyoLink</Filter>
    </ClInclude>
    <ClInclude Include="puyo_\field.h">
      <Filter>objs\puyoAll</Filter>
    </ClInclude>
    <ClInclude Include="puyo_\navigation.h">
      <Filter>objs\puyoAll</Filter>
    </ClInclude>
    <ClInclude Include="puyo_\puyo.h">
      <Filter>objs\puyoAll</Filter>
    </ClInclude>
    <ClInclude Include="puyo_\save.h">
      <Filter>objs\puyoAll</Filter>
    </ClInclude>
    <ClInclude Include="puyo_\puyoscene.h">
      <Filter>scenes</Filter>
    </ClInclude>
    <ClInclude Include="puyo_\score.h">
      <Filter>objs\puyoAll</Filter>
    </ClInclude>
    <ClInclude Include="puyo_\se.h">
      <Filter>objs\puyoAll</Filter>
    </ClInclude>
    <ClInclude Include="puyo_\connect.h">
      <Filter>objs\puyoAll\conne</Filter>
    </ClInclude>
    <ClInclude Include="puyo_\puyogame.h">
      <Filter>objs\puyoAll\puyoGamegame</Filter>
    </ClInclude>
    <ClInclude Include="puyo_\connectmode.h">
      <Filter>objs\puyoAll\puyoGamegame</Filter>
    </ClInclude>
    <ClInclude Include="puyo_\rect.h">
      <Filter>objs\puyoAll\conne</Filter>
    </ClInclude>
    <ClInclude Include="puyo_\send.h">
      <Filter>objs\puyoAll\conne</Filter>
    </ClInclude>
    <ClInclude Include="slot_s_\backScene.h">
      <Filter>objs\SlotScene</Filter>
    </ClInclude>
  </ItemGroup>
  <ItemGroup>
    <Filter Include="mains">
      <UniqueIdentifier>{186f4f2a-88ab-4bf0-bcc8-45439946225a}</UniqueIdentifier>
    </Filter>
    <Filter Include="FrameWork">
      <UniqueIdentifier>{1793ad9e-da79-4a00-a12e-e9af4a1d54e0}</UniqueIdentifier>
    </Filter>
    <Filter Include="FrameWork\bootScene">
      <UniqueIdentifier>{ab71d7a3-0d1b-4ce9-8c8c-08566c1be85d}</UniqueIdentifier>
    </Filter>
    <Filter Include="FrameWork\SceneManager">
      <UniqueIdentifier>{68a4b298-f58b-4d19-80b3-bd65e9c071ef}</UniqueIdentifier>
    </Filter>
    <Filter Include="objs">
      <UniqueIdentifier>{7ee67c5d-6bb1-4205-b806-f81cc4b4df45}</UniqueIdentifier>
    </Filter>
    <Filter Include="scenes">
      <UniqueIdentifier>{fe679a0a-ed95-447f-9cee-58effb5cf560}</UniqueIdentifier>
    </Filter>
    <Filter Include="objs\SlotScene">
      <UniqueIdentifier>{ba752e01-ae07-4466-aca5-c3694d8ff11d}</UniqueIdentifier>
    </Filter>
    <Filter Include="objs\puyoAll">
      <UniqueIdentifier>{8b838ea7-5ef7-4909-9887-64e7846153da}</UniqueIdentifier>
    </Filter>
    <Filter Include="objs\puyoAll\puyoLink">
      <UniqueIdentifier>{a1924565-2e6f-43f6-ab8b-0a788f4ddedc}</UniqueIdentifier>
    </Filter>
    <Filter Include="objs\puyoAll\conne">
      <UniqueIdentifier>{031d70b9-890a-458f-b698-1ae5c9284514}</UniqueIdentifier>
    </Filter>
    <Filter Include="objs\puyoAll\puyoGamegame">
      <UniqueIdentifier>{c1a8c438-d2e9-48f3-bf36-d3f395398288}</UniqueIdentifier>
    </Filter>
  </ItemGroup>
</Project>